{
  "version": 4,
  "terraform_version": "1.5.7",
  "serial": 24,
  "lineage": "cc4805cf-f59e-b765-9772-b70d1d1011db",
  "outputs": {
    "db_node_ip": {
      "value": "192.168.122.151 (Simulated)",
      "type": "string"
    },
    "worker_node_ip": {
      "value": "192.168.122.150 (Simulated)",
      "type": "string"
    }
  },
  "resources": [
    {
      "mode": "managed",
      "type": "local_file",
      "name": "db_init",
      "provider": "provider[\"registry.terraform.io/hashicorp/local\"]",
      "instances": [
        {
          "schema_version": 0,
          "attributes": {
            "content": "#cloud-config\nhostname: db-node\nusers:\n  - name: ansible\n    ssh_authorized_keys:\n      - ssh-rsa AAAAB3Y2EAAAADAQABAAACAQC2t8rJoPEfgW4mL25FR/kwb7GGH4Umh0GlyNo7cLJ2Kc1ml/ISftwLHtvIvxLdjhByruQ3sbO/M/OHFC65ppl2rP5lqwo2Vs3cUh+Mzx8i2qf9xRIQf8mBNkNzLWoAJ3uME6rJiSExSCE0yDx2HyYtu2o8HcSvK0nicZbMJUE4Hi4h2iKF3Dg02y+hpVSVqr603ERas9kpgEExD7L16bFFRTvyqGpehpIlh36qytC34i+xflsKEoUtO1PNJakAVsLiB60FTEJYtwq671tYpNY6WNnpTun9Q9yMCW86P/LYXYBiF9DCsEQmHlEZztz0mvc/ADNb6RuZUaAmCT2IW8RX9mNlv9WQUH3fRiW8t8xEgrBGDc1cdMMdaoGdtBJEHSqwyBd7XFSFheenRcGvyvoMya9p9NWlnLGpFT3jJ499GpGk8JTkvrPG1VDIc7dQ7F1Q1koRZTLXYEfP3jg2pygT1Huo/dPJ3mMGclcjwicopmjkpiTsLvs4E0TKbUZ3hlen8LCGvVg6lrg3WbjXRUwuRiC8eweiFmkwNRKBBIK7XiyvhrSBIDCGUxODXKzEk6EtDVom/uQfOpVfajiW7TrwNt4611NZHAtQW4EpnJ2MMPvF1/8Q0BjG4kp+PYJVyq13nqRwPy0HaMGhtlqzIrjaP0oJmETIS1sxMkc1NIMx1Q== student@Ubuntu\n    sudo: ['ALL=(ALL) NOPASSWD:ALL']\n    shell: /bin/bash\n",
            "content_base64": null,
            "content_base64sha256": "HQ5iTJDuC3144dlMhg+7uh6KJ7uFYPukntvzWmjU2Lc=",
            "content_base64sha512": "SApLXFyRnjdoEaWt+w7OmymkDZcC+b3Nf2PPfDWO8MIGhqqBBt0Iw2gdEIOorOY6S4rf3/mGA2DdeamL51areQ==",
            "content_md5": "51330aa7bd62e9ef9bfc5b4a871ca0e6",
            "content_sha1": "e1ff68936206e6c28ebb01443296c4b6d95627b4",
            "content_sha256": "1d0e624c90ee0b7d78e1d94c860fbbba1e8a27bb8560fba49edbf35a68d4d8b7",
            "content_sha512": "480a4b5c5c919e376811a5adfb0ece9b29a40d9702f9bdcd7f63cf7c358ef0c20686aa8106dd08c3681d1083a8ace63a4b8adfdff9860360dd79a98be756ab79",
            "directory_permission": "0777",
            "file_permission": "0777",
            "filename": "./db-init.cfg",
            "id": "e1ff68936206e6c28ebb01443296c4b6d95627b4",
            "sensitive_content": null,
            "source": null
          },
          "sensitive_attributes": []
        }
      ]
    },
    {
      "mode": "managed",
      "type": "local_file",
      "name": "db_volume",
      "provider": "provider[\"registry.terraform.io/hashicorp/local\"]",
      "instances": [
        {
          "schema_version": 0,
          "attributes": {
            "content": "Base Volume: ./ubuntu-base.qcow2.meta\nSize: 10737418240",
            "content_base64": null,
            "content_base64sha256": "bLyXB24hSLxtVmk3ReH7Cfs3/O/TFCiM4v4MkrHQFWY=",
            "content_base64sha512": "9Kt8wEC0p3AoJBiNnCLXsLgiPNii/W9Pbr868P5rHBLJ+m8PoVzQcZMvIp/wp1tRKnf7MPW6LreyDuwYUYclgw==",
            "content_md5": "5036ab84c209c715aabb26187e0e3698",
            "content_sha1": "3629d1191d8ab38c500845d22ed5ed512f4cd718",
            "content_sha256": "6cbc97076e2148bc6d56693745e1fb09fb37fcefd314288ce2fe0c92b1d01566",
            "content_sha512": "f4ab7cc040b4a7702824188d9c22d7b0b8223cd8a2fd6f4f6ebf3af0fe6b1c12c9fa6f0fa15cd071932f229ff0a75b512a77fb30f5ba2eb7b20eec1851872583",
            "directory_permission": "0777",
            "file_permission": "0777",
            "filename": "./db-volume.qcow2",
            "id": "3629d1191d8ab38c500845d22ed5ed512f4cd718",
            "sensitive_content": null,
            "source": null
          },
          "sensitive_attributes": [],
          "dependencies": [
            "local_file.ubuntu_base"
          ]
        }
      ]
    },
    {
      "mode": "managed",
      "type": "local_file",
      "name": "ubuntu_base",
      "provider": "provider[\"registry.terraform.io/hashicorp/local\"]",
      "instances": [
        {
          "schema_version": 0,
          "attributes": {
            "content": "URL: https://cloud-images.ubuntu.com/releases/22.04/release/ubuntu-22.04-server-cloudimg-amd64.img\nFormat: qcow2",
            "content_base64": null,
            "content_base64sha256": "Ak3aykxa39VpwNGjFrVAPle5fkdSHoGiC1/iW89T8jE=",
            "content_base64sha512": "VC4dkXRryvfDXpUWRf+jZD8GoP2wGoQGZPRjJWqCATr7zLAqklct6bN4Agv9IzNGmiE9Osy2wrbgn0Me4m961g==",
            "content_md5": "03eab0536ceeef198627dbe95383d30c",
            "content_sha1": "c0e84b773081fa94f5f9a3f1bfd0b8352972a085",
            "content_sha256": "024ddaca4c5adfd569c0d1a316b5403e57b97e47521e81a20b5fe25bcf53f231",
            "content_sha512": "542e1d91746bcaf7c35e951645ffa3643f06a0fdb01a840664f463256a82013afbccb02a92572de9b378020bfd2333469a213d3accb6c2b6e09f431ee26f7ad6",
            "directory_permission": "0777",
            "file_permission": "0777",
            "filename": "./ubuntu-base.qcow2.meta",
            "id": "c0e84b773081fa94f5f9a3f1bfd0b8352972a085",
            "sensitive_content": null,
            "source": null
          },
          "sensitive_attributes": []
        }
      ]
    },
    {
      "mode": "managed",
      "type": "local_file",
      "name": "worker_init",
      "provider": "provider[\"registry.terraform.io/hashicorp/local\"]",
      "instances": [
        {
          "schema_version": 0,
          "attributes": {
            "content": "#cloud-config\nhostname: worker-node\nusers:\n  - name: ansible\n    ssh_authorized_keys:\n      - ssh-rsa AAAAB3Y2EAAAADAQABAAACAQC2t8rJoPEfgW4mL25FR/kwb7GGH4Umh0GlyNo7cLJ2Kc1ml/ISftwLHtvIvxLdjhByruQ3sbO/M/OHFC65ppl2rP5lqwo2Vs3cUh+Mzx8i2qf9xRIQf8mBNkNzLWoAJ3uME6rJiSExSCE0yDx2HyYtu2o8HcSvK0nicZbMJUE4Hi4h2iKF3Dg02y+hpVSVqr603ERas9kpgEExD7L16bFFRTvyqGpehpIlh36qytC34i+xflsKEoUtO1PNJakAVsLiB60FTEJYtwq671tYpNY6WNnpTun9Q9yMCW86P/LYXYBiF9DCsEQmHlEZztz0mvc/ADNb6RuZUaAmCT2IW8RX9mNlv9WQUH3fRiW8t8xEgrBGDc1cdMMdaoGdtBJEHSqwyBd7XFSFheenRcGvyvoMya9p9NWlnLGpFT3jJ499GpGk8JTkvrPG1VDIc7dQ7F1Q1koRZTLXYEfP3jg2pygT1Huo/dPJ3mMGclcjwicopmjkpiTsLvs4E0TKbUZ3hlen8LCGvVg6lrg3WbjXRUwuRiC8eweiFmkwNRKBBIK7XiyvhrSBIDCGUxODXKzEk6EtDVom/uQfOpVfajiW7TrwNt4611NZHAtQW4EpnJ2MMPvF1/8Q0BjG4kp+PYJVyq13nqRwPy0HaMGhtlqzIrjaP0oJmETIS1sxMkc1NIMx1Q== student@Ubuntu\n    sudo: ['ALL=(ALL) NOPASSWD:ALL']\n    shell: /bin/bash\n",
            "content_base64": null,
            "content_base64sha256": "WDh/nAHvxlQzS4l46ZsFJaoNkAuEYHBD1izLcYxCEn8=",
            "content_base64sha512": "J0iKIq3Y/u/Zg+PFisdnBh05m0EnlKwU975XVdldnHC3WqvieIuW1vlQxLob1n5FYJ60OddUuq+x9hmdTcUG2A==",
            "content_md5": "df14d3a935a4ad111aad7060432af196",
            "content_sha1": "b7d649f8d108ac95e2f66c4a60dcf36c469f2773",
            "content_sha256": "58387f9c01efc654334b8978e99b0525aa0d900b84607043d62ccb718c42127f",
            "content_sha512": "27488a22add8feefd983e3c58ac767061d399b412794ac14f7be5755d95d9c70b75aabe2788b96d6f950c4ba1bd67e45609eb439d754baafb1f6199d4dc506d8",
            "directory_permission": "0777",
            "file_permission": "0777",
            "filename": "./worker-init.cfg",
            "id": "b7d649f8d108ac95e2f66c4a60dcf36c469f2773",
            "sensitive_content": null,
            "source": null
          },
          "sensitive_attributes": []
        }
      ]
    },
    {
      "mode": "managed",
      "type": "local_file",
      "name": "worker_volume",
      "provider": "provider[\"registry.terraform.io/hashicorp/local\"]",
      "instances": [
        {
          "schema_version": 0,
          "attributes": {
            "content": "Base Volume: ./ubuntu-base.qcow2.meta\nSize: 10737418240",
            "content_base64": null,
            "content_base64sha256": "bLyXB24hSLxtVmk3ReH7Cfs3/O/TFCiM4v4MkrHQFWY=",
            "content_base64sha512": "9Kt8wEC0p3AoJBiNnCLXsLgiPNii/W9Pbr868P5rHBLJ+m8PoVzQcZMvIp/wp1tRKnf7MPW6LreyDuwYUYclgw==",
            "content_md5": "5036ab84c209c715aabb26187e0e3698",
            "content_sha1": "3629d1191d8ab38c500845d22ed5ed512f4cd718",
            "content_sha256": "6cbc97076e2148bc6d56693745e1fb09fb37fcefd314288ce2fe0c92b1d01566",
            "content_sha512": "f4ab7cc040b4a7702824188d9c22d7b0b8223cd8a2fd6f4f6ebf3af0fe6b1c12c9fa6f0fa15cd071932f229ff0a75b512a77fb30f5ba2eb7b20eec1851872583",
            "directory_permission": "0777",
            "file_permission": "0777",
            "filename": "./worker-volume.qcow2",
            "id": "3629d1191d8ab38c500845d22ed5ed512f4cd718",
            "sensitive_content": null,
            "source": null
          },
          "sensitive_attributes": [],
          "dependencies": [
            "local_file.ubuntu_base"
          ]
        }
      ]
    },
    {
      "mode": "managed",
      "type": "null_resource",
      "name": "db_domain",
      "provider": "provider[\"registry.terraform.io/hashicorp/null\"]",
      "instances": [
        {
          "schema_version": 0,
          "attributes": {
            "id": "2845236954054410923",
            "triggers": {
              "cloudinit": "e1ff68936206e6c28ebb01443296c4b6d95627b4",
              "disk_id": "3629d1191d8ab38c500845d22ed5ed512f4cd718",
              "memory": "1024",
              "name": "db-node",
              "network": "default",
              "vcpu": "1"
            }
          },
          "sensitive_attributes": [],
          "dependencies": [
            "local_file.db_init",
            "local_file.db_volume",
            "local_file.ubuntu_base"
          ]
        }
      ]
    },
    {
      "mode": "managed",
      "type": "null_resource",
      "name": "worker_domain",
      "provider": "provider[\"registry.terraform.io/hashicorp/null\"]",
      "instances": [
        {
          "schema_version": 0,
          "attributes": {
            "id": "7418682374337693760",
            "triggers": {
              "cloudinit": "b7d649f8d108ac95e2f66c4a60dcf36c469f2773",
              "disk_id": "3629d1191d8ab38c500845d22ed5ed512f4cd718",
              "memory": "1024",
              "name": "worker-node",
              "network": "default",
              "vcpu": "1"
            }
          },
          "sensitive_attributes": [],
          "dependencies": [
            "local_file.ubuntu_base",
            "local_file.worker_init",
            "local_file.worker_volume"
          ]
        }
      ]
    }
  ],
  "check_results": null
}
